// !$*UTF8*$!
{
	archiveVersion = 1;
	classes = {
	};
	objectVersion = 77;
	objects = {

/* Begin PBXBuildFile section */
		AA1000000000000000000001 /* AnchorCore in Frameworks */ = {isa = PBXBuildFile; productRef = AA2000000000000000000001 /* AnchorCore */; };
		AA1000000000000000000002 /* AnchorIOSFeatures in Frameworks */ = {isa = PBXBuildFile; productRef = AA2000000000000000000002 /* AnchorIOSFeatures */; };
		AA1000000000000000000003 /* AnchorCore in Frameworks */ = {isa = PBXBuildFile; productRef = AA2000000000000000000003 /* AnchorCore */; };
		AA1000000000000000000004 /* AnchorIOSFeatures in Frameworks */ = {isa = PBXBuildFile; productRef = AA2000000000000000000004 /* AnchorIOSFeatures */; };
		AA1000000000000000000005 /* AnchorDemoSupport in Frameworks */ = {isa = PBXBuildFile; productRef = AA2000000000000000000005 /* AnchorDemoSupport */; };
		AA1000000000000000000006 /* AnchorCore in Frameworks */ = {isa = PBXBuildFile; productRef = AA2000000000000000000006 /* AnchorCore */; };
		AA1000000000000000000007 /* AnchorMacFeatures in Frameworks */ = {isa = PBXBuildFile; productRef = AA2000000000000000000007 /* AnchorMacFeatures */; };
		AA1000000000000000000008 /* AnchorTransport in Frameworks */ = {isa = PBXBuildFile; productRef = AA2000000000000000000008 /* AnchorTransport */; };
		AA1000000000000000000009 /* AnchorCore in Frameworks */ = {isa = PBXBuildFile; productRef = AA2000000000000000000009 /* AnchorCore */; };
		AA100000000000000000000A /* AnchorMacFeatures in Frameworks */ = {isa = PBXBuildFile; productRef = AA200000000000000000000A /* AnchorMacFeatures */; };
		AA100000000000000000000B /* AnchorDemoSupport in Frameworks */ = {isa = PBXBuildFile; productRef = AA200000000000000000000B /* AnchorDemoSupport */; };
		AA100000000000000000000C /* AnchorTransport in Frameworks */ = {isa = PBXBuildFile; productRef = AA200000000000000000000C /* AnchorTransport */; };
		BB1000000000000000000001 /* main.swift in Sources */ = {isa = PBXBuildFile; fileRef = BB4000000000000000000002 /* main.swift */; };
		BB1000000000000000000002 /* AnchorCore in Frameworks */ = {isa = PBXBuildFile; productRef = BB2000000000000000000001 /* AnchorCore */; };
		BB1000000000000000000003 /* anchor in Copy Helpers */ = {isa = PBXBuildFile; fileRef = BB4000000000000000000001 /* anchor */; settings = {ATTRIBUTES = (CodeSignOnCopy, RemoveHeadersOnCopy, ); }; };
		DD1000000000000000000001 /* AnchorSafariExtension.appex in Embed App Extensions */ = {isa = PBXBuildFile; fileRef = DD4000000000000000000001 /* AnchorSafariExtension.appex */; settings = {ATTRIBUTES = (CodeSignOnCopy, RemoveHeadersOnCopy, ); }; };
		DD1000000000000000000002 /* AnchorCore in Frameworks */ = {isa = PBXBuildFile; productRef = DD2000000000000000000001 /* AnchorCore */; };
		DD1000000000000000000003 /* SafariWebExtensionHandler.swift in Sources */ = {isa = PBXBuildFile; fileRef = DD4000000000000000000002 /* SafariWebExtensionHandler.swift */; };
		DD1000000000000000000004 /* manifest.json in Resources */ = {isa = PBXBuildFile; fileRef = DD4000000000000000000005 /* manifest.json */; };
		DD1000000000000000000005 /* background.js in Resources */ = {isa = PBXBuildFile; fileRef = DD4000000000000000000006 /* background.js */; };
		DD1000000000000000000006 /* popup.js in Resources */ = {isa = PBXBuildFile; fileRef = DD4000000000000000000007 /* popup.js */; };
		DD1000000000000000000007 /* popup.html in Resources */ = {isa = PBXBuildFile; fileRef = DD4000000000000000000008 /* popup.html */; };
		DD1000000000000000000008 /* popup.css in Resources */ = {isa = PBXBuildFile; fileRef = DD4000000000000000000009 /* popup.css */; };
		DD1000000000000000000009 /* _locales in Resources */ = {isa = PBXBuildFile; fileRef = DD400000000000000000000A /* _locales */; };
/* End PBXBuildFile section */

/* Begin PBXContainerItemProxy section */
		AA3000000000000000000001 /* PBXContainerItemProxy */ = {
			isa = PBXContainerItemProxy;
			containerPortal = AA0000000000000000000001 /* Project object */;
			proxyType = 1;
			remoteGlobalIDString = AA5000000000000000000002;
			remoteInfo = "Anchor iOS Demo";
		};
		AA3000000000000000000002 /* PBXContainerItemProxy */ = {
			isa = PBXContainerItemProxy;
			containerPortal = AA0000000000000000000001 /* Project object */;
			proxyType = 1;
			remoteGlobalIDString = AA5000000000000000000004;
			remoteInfo = "Anchor macOS Demo";
		};
		BB3000000000000000000001 /* PBXContainerItemProxy */ = {
			isa = PBXContainerItemProxy;
			containerPortal = AA0000000000000000000001 /* Project object */;
			proxyType = 1;
			remoteGlobalIDString = BB5000000000000000000001;
			remoteInfo = AnchorCommand;
		};
		DD3000000000000000000001 /* PBXContainerItemProxy */ = {
			isa = PBXContainerItemProxy;
			containerPortal = AA0000000000000000000001 /* Project object */;
			proxyType = 1;
			remoteGlobalIDString = DD5000000000000000000001;
			remoteInfo = AnchorSafariExtension;
		};
/* End PBXContainerItemProxy section */

/* Begin PBXCopyFilesBuildPhase section */
		AA4300000000000000000001 /* Copy Helpers */ = {
			isa = PBXCopyFilesBuildPhase;
			buildActionMask = 2147483647;
			dstPath = Contents/Helpers;
			dstSubfolderSpec = 1;
			files = (
				BB1000000000000000000003 /* anchor in Copy Helpers */,
			);
			name = "Copy Helpers";
			runOnlyForDeploymentPostprocessing = 0;
		};
		DD4300000000000000000001 /* Embed App Extensions */ = {
			isa = PBXCopyFilesBuildPhase;
			buildActionMask = 2147483647;
			dstPath = "";
			dstSubfolderSpec = 13;
			files = (
				DD1000000000000000000001 /* AnchorSafariExtension.appex in Embed App Extensions */,
			);
			name = "Embed App Extensions";
			runOnlyForDeploymentPostprocessing = 0;
		};
/* End PBXCopyFilesBuildPhase section */

/* Begin PBXFileReference section */
		AA4000000000000000000001 /* Anchor iOS.app */ = {isa = PBXFileReference; explicitFileType = wrapper.application; includeInIndex = 0; path = "Anchor iOS.app"; sourceTree = BUILT_PRODUCTS_DIR; };
		AA4000000000000000000002 /* Anchor iOS Demo.app */ = {isa = PBXFileReference; explicitFileType = wrapper.application; includeInIndex = 0; path = "Anchor iOS Demo.app"; sourceTree = BUILT_PRODUCTS_DIR; };
		AA4000000000000000000003 /* Anchor macOS.app */ = {isa = PBXFileReference; explicitFileType = wrapper.application; includeInIndex = 0; path = "Anchor macOS.app"; sourceTree = BUILT_PRODUCTS_DIR; };
		AA4000000000000000000004 /* Anchor macOS Demo.app */ = {isa = PBXFileReference; explicitFileType = wrapper.application; includeInIndex = 0; path = "Anchor macOS Demo.app"; sourceTree = BUILT_PRODUCTS_DIR; };
		AA4000000000000000000005 /* AnchorIOSUITests.xctest */ = {isa = PBXFileReference; explicitFileType = wrapper.cfbundle; includeInIndex = 0; path = AnchorIOSUITests.xctest; sourceTree = BUILT_PRODUCTS_DIR; };
		AA4000000000000000000006 /* AnchorMacUITests.xctest */ = {isa = PBXFileReference; explicitFileType = wrapper.cfbundle; includeInIndex = 0; path = AnchorMacUITests.xctest; sourceTree = BUILT_PRODUCTS_DIR; };
		BB4000000000000000000001 /* anchor */ = {isa = PBXFileReference; explicitFileType = "compiled.mach-o.executable"; includeInIndex = 0; path = anchor; sourceTree = BUILT_PRODUCTS_DIR; };
		BB4000000000000000000002 /* main.swift */ = {isa = PBXFileReference; lastKnownFileType = sourcecode.swift; path = Packages/AnchorKit/Sources/AnchorCLI/main.swift; sourceTree = SOURCE_ROOT; };
		DD4000000000000000000001 /* AnchorSafariExtension.appex */ = {isa = PBXFileReference; explicitFileType = "wrapper.app-extension"; includeInIndex = 0; path = AnchorSafariExtension.appex; sourceTree = BUILT_PRODUCTS_DIR; };
		DD4000000000000000000002 /* SafariWebExtensionHandler.swift */ = {isa = PBXFileReference; lastKnownFileType = sourcecode.swift; path = SafariWebExtensionHandler.swift; sourceTree = "<group>"; };
		DD4000000000000000000003 /* Info.plist */ = {isa = PBXFileReference; lastKnownFileType = text.plist.xml; path = Info.plist; sourceTree = "<group>"; };
		DD4000000000000000000004 /* AnchorSafariExtension.entitlements */ = {isa = PBXFileReference; lastKnownFileType = text.plist.entitlements; path = AnchorSafariExtension.entitlements; sourceTree = "<group>"; };
		DD4000000000000000000005 /* manifest.json */ = {isa = PBXFileReference; lastKnownFileType = text.json; path = Resources/manifest.json; sourceTree = "<group>"; };
		DD4000000000000000000006 /* background.js */ = {isa = PBXFileReference; lastKnownFileType = sourcecode.javascript; path = Resources/background.js; sourceTree = "<group>"; };
		DD4000000000000000000007 /* popup.js */ = {isa = PBXFileReference; lastKnownFileType = sourcecode.javascript; path = Resources/popup.js; sourceTree = "<group>"; };
		DD4000000000000000000008 /* popup.html */ = {isa = PBXFileReference; lastKnownFileType = text.html; path = Resources/popup.html; sourceTree = "<group>"; };
		DD4000000000000000000009 /* popup.css */ = {isa = PBXFileReference; lastKnownFileType = text.css; path = Resources/popup.css; sourceTree = "<group>"; };
		DD400000000000000000000A /* _locales */ = {isa = PBXFileReference; lastKnownFileType = folder; path = Resources/_locales; sourceTree = "<group>"; };
/* End PBXFileReference section */

/* Begin PBXFileSystemSynchronizedRootGroup section */
		AA4100000000000000000001 /* Apps/AnchorIOS */ = {
			isa = PBXFileSystemSynchronizedRootGroup;
			path = Apps/AnchorIOS;
			sourceTree = "<group>";
		};
		AA4100000000000000000002 /* Apps/AnchorIOSDemo */ = {
			isa = PBXFileSystemSynchronizedRootGroup;
			path = Apps/AnchorIOSDemo;
			sourceTree = "<group>";
		};
		AA4100000000000000000003 /* Apps/AnchorMac */ = {
			isa = PBXFileSystemSynchronizedRootGroup;
			path = Apps/AnchorMac;
			sourceTree = "<group>";
		};
		AA4100000000000000000004 /* Apps/AnchorMacDemo */ = {
			isa = PBXFileSystemSynchronizedRootGroup;
			path = Apps/AnchorMacDemo;
			sourceTree = "<group>";
		};
		AA4100000000000000000005 /* Apps/AnchorIOSUITests */ = {
			isa = PBXFileSystemSynchronizedRootGroup;
			path = Apps/AnchorIOSUITests;
			sourceTree = "<group>";
		};
		AA4100000000000000000006 /* Apps/AnchorMacUITests */ = {
			isa = PBXFileSystemSynchronizedRootGroup;
			path = Apps/AnchorMacUITests;
			sourceTree = "<group>";
		};
		AA4100000000000000000007 /* Apps/Shared */ = {
			isa = PBXFileSystemSynchronizedRootGroup;
			path = Apps/Shared;
			sourceTree = "<group>";
		};
/* End PBXFileSystemSynchronizedRootGroup section */

/* Begin PBXFrameworksBuildPhase section */
		AA4200000000000000000001 /* Frameworks */ = {
			isa = PBXFrameworksBuildPhase;
			buildActionMask = 2147483647;
			files = (
				AA1000000000000000000001 /* AnchorCore in Frameworks */,
				AA1000000000000000000002 /* AnchorIOSFeatures in Frameworks */,
				AA100000000000000000000C /* AnchorTransport in Frameworks */,
			);
			runOnlyForDeploymentPostprocessing = 0;
		};
		AA4200000000000000000002 /* Frameworks */ = {
			isa = PBXFrameworksBuildPhase;
			buildActionMask = 2147483647;
			files = (
				AA1000000000000000000003 /* AnchorCore in Frameworks */,
				AA1000000000000000000004 /* AnchorIOSFeatures in Frameworks */,
				AA1000000000000000000005 /* AnchorDemoSupport in Frameworks */,
			);
			runOnlyForDeploymentPostprocessing = 0;
		};
		AA4200000000000000000003 /* Frameworks */ = {
			isa = PBXFrameworksBuildPhase;
			buildActionMask = 2147483647;
			files = (
				AA1000000000000000000006 /* AnchorCore in Frameworks */,
				AA1000000000000000000007 /* AnchorMacFeatures in Frameworks */,
				AA1000000000000000000008 /* AnchorTransport in Frameworks */,
			);
			runOnlyForDeploymentPostprocessing = 0;
		};
		AA4200000000000000000004 /* Frameworks */ = {
			isa = PBXFrameworksBuildPhase;
			buildActionMask = 2147483647;
			files = (
				AA1000000000000000000009 /* AnchorCore in Frameworks */,
				AA100000000000000000000A /* AnchorMacFeatures in Frameworks */,
				AA100000000000000000000B /* AnchorDemoSupport in Frameworks */,
			);
			runOnlyForDeploymentPostprocessing = 0;
		};
		AA4200000000000000000005 /* Frameworks */ = {
			isa = PBXFrameworksBuildPhase;
			buildActionMask = 2147483647;
			files = (
			);
			runOnlyForDeploymentPostprocessing = 0;
		};
		AA4200000000000000000006 /* Frameworks */ = {
			isa = PBXFrameworksBuildPhase;
			buildActionMask = 2147483647;
			files = (
			);
			runOnlyForDeploymentPostprocessing = 0;
		};
		BB4200000000000000000001 /* Frameworks */ = {
			isa = PBXFrameworksBuildPhase;
			buildActionMask = 2147483647;
			files = (
				BB1000000000000000000002 /* AnchorCore in Frameworks */,
			);
			runOnlyForDeploymentPostprocessing = 0;
		};
		DD4200000000000000000001 /* Frameworks */ = {
			isa = PBXFrameworksBuildPhase;
			buildActionMask = 2147483647;
			files = (
				DD1000000000000000000002 /* AnchorCore in Frameworks */,
			);
			runOnlyForDeploymentPostprocessing = 0;
		};
/* End PBXFrameworksBuildPhase section */

/* Begin PBXGroup section */
		DD4100000000000000000001 /* Apps/AnchorSafariExtension */ = {
			isa = PBXGroup;
			children = (
				DD4000000000000000000002 /* SafariWebExtensionHandler.swift */,
				DD4000000000000000000003 /* Info.plist */,
				DD4000000000000000000004 /* AnchorSafariExtension.entitlements */,
				DD4000000000000000000005 /* manifest.json */,
				DD4000000000000000000006 /* background.js */,
				DD4000000000000000000007 /* popup.js */,
				DD4000000000000000000008 /* popup.html */,
				DD4000000000000000000009 /* popup.css */,
				DD400000000000000000000A /* _locales */,
			);
			path = Apps/AnchorSafariExtension;
			sourceTree = "<group>";
		};
		AA0000000000000000000002 = {
			isa = PBXGroup;
			children = (
				AA4100000000000000000001 /* Apps/AnchorIOS */,
				AA4100000000000000000002 /* Apps/AnchorIOSDemo */,
				AA4100000000000000000003 /* Apps/AnchorMac */,
				AA4100000000000000000004 /* Apps/AnchorMacDemo */,
				AA4100000000000000000005 /* Apps/AnchorIOSUITests */,
				AA4100000000000000000006 /* Apps/AnchorMacUITests */,
				DD4100000000000000000001 /* Apps/AnchorSafariExtension */,
				AA4100000000000000000007 /* Apps/Shared */,
				BB4000000000000000000002 /* main.swift */,
				AA0000000000000000000003 /* Products */,
			);
			sourceTree = "<group>";
		};
		AA0000000000000000000003 /* Products */ = {
			isa = PBXGroup;
			children = (
				AA4000000000000000000001 /* Anchor iOS.app */,
				AA4000000000000000000002 /* Anchor iOS Demo.app */,
				AA4000000000000000000003 /* Anchor macOS.app */,
				AA4000000000000000000004 /* Anchor macOS Demo.app */,
				AA4000000000000000000005 /* AnchorIOSUITests.xctest */,
				AA4000000000000000000006 /* AnchorMacUITests.xctest */,
				BB4000000000000000000001 /* anchor */,
				DD4000000000000000000001 /* AnchorSafariExtension.appex */,
			);
			name = Products;
			sourceTree = "<group>";
		};
/* End PBXGroup section */

/* Begin PBXNativeTarget section */
		AA5000000000000000000001 /* Anchor iOS */ = {
			isa = PBXNativeTarget;
			buildConfigurationList = AA6000000000000000000001 /* Build configuration list for PBXNativeTarget "Anchor iOS" */;
			buildPhases = (
				AA7000000000000000000001 /* Sources */,
				AA4200000000000000000001 /* Frameworks */,
				AA7100000000000000000001 /* Resources */,
			);
			buildRules = (
			);
			dependencies = (
			);
			fileSystemSynchronizedGroups = (
				AA4100000000000000000001 /* Apps/AnchorIOS */,
				AA4100000000000000000007 /* Apps/Shared */,
			);
			name = "Anchor iOS";
			packageProductDependencies = (
				AA2000000000000000000001 /* AnchorCore */,
				AA2000000000000000000002 /* AnchorIOSFeatures */,
				AA200000000000000000000C /* AnchorTransport */,
			);
			productName = "Anchor iOS";
			productReference = AA4000000000000000000001 /* Anchor iOS.app */;
			productType = "com.apple.product-type.application";
		};
		AA5000000000000000000002 /* Anchor iOS Demo */ = {
			isa = PBXNativeTarget;
			buildConfigurationList = AA6000000000000000000002 /* Build configuration list for PBXNativeTarget "Anchor iOS Demo" */;
			buildPhases = (
				AA7000000000000000000002 /* Sources */,
				AA4200000000000000000002 /* Frameworks */,
				AA7100000000000000000002 /* Resources */,
			);
			buildRules = (
			);
			dependencies = (
			);
			fileSystemSynchronizedGroups = (
				AA4100000000000000000002 /* Apps/AnchorIOSDemo */,
				AA4100000000000000000007 /* Apps/Shared */,
			);
			name = "Anchor iOS Demo";
			packageProductDependencies = (
				AA2000000000000000000003 /* AnchorCore */,
				AA2000000000000000000004 /* AnchorIOSFeatures */,
				AA2000000000000000000005 /* AnchorDemoSupport */,
			);
			productName = "Anchor iOS Demo";
			productReference = AA4000000000000000000002 /* Anchor iOS Demo.app */;
			productType = "com.apple.product-type.application";
		};
		AA5000000000000000000003 /* Anchor macOS */ = {
			isa = PBXNativeTarget;
			buildConfigurationList = AA6000000000000000000003 /* Build configuration list for PBXNativeTarget "Anchor macOS" */;
			buildPhases = (
				AA7000000000000000000003 /* Sources */,
				AA4200000000000000000003 /* Frameworks */,
				AA7100000000000000000003 /* Resources */,
				AA4300000000000000000001 /* Copy Helpers */,
				DD4300000000000000000001 /* Embed App Extensions */,
			);
			buildRules = (
			);
			dependencies = (
				BB7200000000000000000001 /* PBXTargetDependency */,
				DD7200000000000000000001 /* PBXTargetDependency */,
			);
			fileSystemSynchronizedGroups = (
				AA4100000000000000000003 /* Apps/AnchorMac */,
				AA4100000000000000000007 /* Apps/Shared */,
			);
			name = "Anchor macOS";
			packageProductDependencies = (
				AA2000000000000000000006 /* AnchorCore */,
				AA2000000000000000000007 /* AnchorMacFeatures */,
				AA2000000000000000000008 /* AnchorTransport */,
			);
			productName = "Anchor macOS";
			productReference = AA4000000000000000000003 /* Anchor macOS.app */;
			productType = "com.apple.product-type.application";
		};
		AA5000000000000000000004 /* Anchor macOS Demo */ = {
			isa = PBXNativeTarget;
			buildConfigurationList = AA6000000000000000000004 /* Build configuration list for PBXNativeTarget "Anchor macOS Demo" */;
			buildPhases = (
				AA7000000000000000000004 /* Sources */,
				AA4200000000000000000004 /* Frameworks */,
				AA7100000000000000000004 /* Resources */,
			);
			buildRules = (
			);
			dependencies = (
			);
			fileSystemSynchronizedGroups = (
				AA4100000000000000000004 /* Apps/AnchorMacDemo */,
				AA4100000000000000000007 /* Apps/Shared */,
			);
			name = "Anchor macOS Demo";
			packageProductDependencies = (
				AA2000000000000000000009 /* AnchorCore */,
				AA200000000000000000000A /* AnchorMacFeatures */,
				AA200000000000000000000B /* AnchorDemoSupport */,
			);
			productName = "Anchor macOS Demo";
			productReference = AA4000000000000000000004 /* Anchor macOS Demo.app */;
			productType = "com.apple.product-type.application";
		};
		AA5000000000000000000005 /* AnchorIOSUITests */ = {
			isa = PBXNativeTarget;
			buildConfigurationList = AA6000000000000000000005 /* Build configuration list for PBXNativeTarget "AnchorIOSUITests" */;
			buildPhases = (
				AA7000000000000000000005 /* Sources */,
				AA4200000000000000000005 /* Frameworks */,
				AA7100000000000000000005 /* Resources */,
			);
			buildRules = (
			);
			dependencies = (
				AA7200000000000000000001 /* PBXTargetDependency */,
			);
			fileSystemSynchronizedGroups = (
				AA4100000000000000000005 /* Apps/AnchorIOSUITests */,
			);
			name = AnchorIOSUITests;
			packageProductDependencies = (
			);
			productName = AnchorIOSUITests;
			productReference = AA4000000000000000000005 /* AnchorIOSUITests.xctest */;
			productType = "com.apple.product-type.bundle.ui-testing";
		};
		AA5000000000000000000006 /* AnchorMacUITests */ = {
			isa = PBXNativeTarget;
			buildConfigurationList = AA6000000000000000000006 /* Build configuration list for PBXNativeTarget "AnchorMacUITests" */;
			buildPhases = (
				AA7000000000000000000006 /* Sources */,
				AA4200000000000000000006 /* Frameworks */,
				AA7100000000000000000006 /* Resources */,
			);
			buildRules = (
			);
			dependencies = (
				AA7200000000000000000002 /* PBXTargetDependency */,
			);
			fileSystemSynchronizedGroups = (
				AA4100000000000000000006 /* Apps/AnchorMacUITests */,
			);
			name = AnchorMacUITests;
			packageProductDependencies = (
			);
			productName = AnchorMacUITests;
			productReference = AA4000000000000000000006 /* AnchorMacUITests.xctest */;
			productType = "com.apple.product-type.bundle.ui-testing";
		};
		BB5000000000000000000001 /* AnchorCommand */ = {
			isa = PBXNativeTarget;
			buildConfigurationList = BB6000000000000000000001 /* Build configuration list for PBXNativeTarget "AnchorCommand" */;
			buildPhases = (
				BB7000000000000000000001 /* Sources */,
				BB4200000000000000000001 /* Frameworks */,
			);
			buildRules = (
			);
			dependencies = (
			);
			name = AnchorCommand;
			packageProductDependencies = (
				BB2000000000000000000001 /* AnchorCore */,
			);
			productName = anchor;
			productReference = BB4000000000000000000001 /* anchor */;
			productType = "com.apple.product-type.tool";
		};
		DD5000000000000000000001 /* AnchorSafariExtension */ = {
			isa = PBXNativeTarget;
			buildConfigurationList = DD6000000000000000000001 /* Build configuration list for PBXNativeTarget "AnchorSafariExtension" */;
			buildPhases = (
				DD7000000000000000000001 /* Sources */,
				DD4200000000000000000001 /* Frameworks */,
				DD7100000000000000000001 /* Resources */,
			);
			buildRules = (
			);
			dependencies = (
			);
			name = AnchorSafariExtension;
			packageProductDependencies = (
				DD2000000000000000000001 /* AnchorCore */,
			);
			productName = AnchorSafariExtension;
			productReference = DD4000000000000000000001 /* AnchorSafariExtension.appex */;
			productType = "com.apple.product-type.app-extension";
		};
/* End PBXNativeTarget section */

/* Begin PBXProject section */
		AA0000000000000000000001 /* Project object */ = {
			isa = PBXProject;
			attributes = {
				BuildIndependentTargetsInParallel = 1;
				LastSwiftUpdateCheck = 2620;
				LastUpgradeCheck = 2620;
				TargetAttributes = {
					AA5000000000000000000001 = {
						CreatedOnToolsVersion = 26.2;
					};
					AA5000000000000000000002 = {
						CreatedOnToolsVersion = 26.2;
					};
					AA5000000000000000000003 = {
						CreatedOnToolsVersion = 26.2;
					};
					AA5000000000000000000004 = {
						CreatedOnToolsVersion = 26.2;
					};
					AA5000000000000000000005 = {
						CreatedOnToolsVersion = 26.2;
						TestTargetID = AA5000000000000000000002;
					};
					AA5000000000000000000006 = {
						CreatedOnToolsVersion = 26.2;
						TestTargetID = AA5000000000000000000004;
					};
					BB5000000000000000000001 = {
						CreatedOnToolsVersion = 26.2;
					};
					DD5000000000000000000001 = {
						CreatedOnToolsVersion = 26.2;
					};
				};
			};
			buildConfigurationList = AA6000000000000000000000 /* Build configuration list for PBXProject "Anchor" */;
			developmentRegion = en;
			hasScannedForEncodings = 0;
			knownRegions = (
				en,
				"zh-Hans",
				Base,
			);
			mainGroup = AA0000000000000000000002;
			minimizedProjectReferenceProxies = 1;
			packageReferences = (
				AA8000000000000000000001 /* XCLocalSwiftPackageReference "Packages/AnchorKit" */,
			);
			preferredProjectObjectVersion = 77;
			productRefGroup = AA0000000000000000000003 /* Products */;
			projectDirPath = "";
			projectRoot = "";
			targets = (
				AA5000000000000000000001 /* Anchor iOS */,
				AA5000000000000000000002 /* Anchor iOS Demo */,
				AA5000000000000000000003 /* Anchor macOS */,
				AA5000000000000000000004 /* Anchor macOS Demo */,
				AA5000000000000000000005 /* AnchorIOSUITests */,
				AA5000000000000000000006 /* AnchorMacUITests */,
				BB5000000000000000000001 /* AnchorCommand */,
				DD5000000000000000000001 /* AnchorSafariExtension */,
			);
		};
/* End PBXProject section */

/* Begin PBXResourcesBuildPhase section */
		AA7100000000000000000001 /* Resources */ = {
			isa = PBXResourcesBuildPhase;
			buildActionMask = 2147483647;
			files = (
			);
			runOnlyForDeploymentPostprocessing = 0;
		};
		AA7100000000000000000002 /* Resources */ = {
			isa = PBXResourcesBuildPhase;
			buildActionMask = 2147483647;
			files = (
			);
			runOnlyForDeploymentPostprocessing = 0;
		};
		AA7100000000000000000003 /* Resources */ = {
			isa = PBXResourcesBuildPhase;
			buildActionMask = 2147483647;
			files = (
			);
			runOnlyForDeploymentPostprocessing = 0;
		};
		AA7100000000000000000004 /* Resources */ = {
			isa = PBXResourcesBuildPhase;
			buildActionMask = 2147483647;
			files = (
			);
			runOnlyForDeploymentPostprocessing = 0;
		};
		AA7100000000000000000005 /* Resources */ = {
			isa = PBXResourcesBuildPhase;
			buildActionMask = 2147483647;
			files = (
			);
			runOnlyForDeploymentPostprocessing = 0;
		};
		AA7100000000000000000006 /* Resources */ = {
			isa = PBXResourcesBuildPhase;
			buildActionMask = 2147483647;
			files = (
			);
			runOnlyForDeploymentPostprocessing = 0;
		};
		DD7100000000000000000001 /* Resources */ = {
			isa = PBXResourcesBuildPhase;
			buildActionMask = 2147483647;
			files = (
				DD1000000000000000000004 /* manifest.json in Resources */,
				DD1000000000000000000005 /* background.js in Resources */,
				DD1000000000000000000006 /* popup.js in Resources */,
				DD1000000000000000000007 /* popup.html in Resources */,
				DD1000000000000000000008 /* popup.css in Resources */,
				DD1000000000000000000009 /* _locales in Resources */,
			);
			runOnlyForDeploymentPostprocessing = 0;
		};
/* End PBXResourcesBuildPhase section */

/* Begin PBXSourcesBuildPhase section */
		AA7000000000000000000001 /* Sources */ = {
			isa = PBXSourcesBuildPhase;
			buildActionMask = 2147483647;
			files = (
			);
			runOnlyForDeploymentPostprocessing = 0;
		};
		AA7000000000000000000002 /* Sources */ = {
			isa = PBXSourcesBuildPhase;
			buildActionMask = 2147483647;
			files = (
			);
			runOnlyForDeploymentPostprocessing = 0;
		};
		AA7000000000000000000003 /* Sources */ = {
			isa = PBXSourcesBuildPhase;
			buildActionMask = 2147483647;
			files = (
			);
			runOnlyForDeploymentPostprocessing = 0;
		};
		AA7000000000000000000004 /* Sources */ = {
			isa = PBXSourcesBuildPhase;
			buildActionMask = 2147483647;
			files = (
			);
			runOnlyForDeploymentPostprocessing = 0;
		};
		AA7000000000000000000005 /* Sources */ = {
			isa = PBXSourcesBuildPhase;
			buildActionMask = 2147483647;
			files = (
			);
			runOnlyForDeploymentPostprocessing = 0;
		};
		AA7000000000000000000006 /* Sources */ = {
			isa = PBXSourcesBuildPhase;
			buildActionMask = 2147483647;
			files = (
			);
			runOnlyForDeploymentPostprocessing = 0;
		};
		BB7000000000000000000001 /* Sources */ = {
			isa = PBXSourcesBuildPhase;
			buildActionMask = 2147483647;
			files = (
				BB1000000000000000000001 /* main.swift in Sources */,
			);
			runOnlyForDeploymentPostprocessing = 0;
		};
		DD7000000000000000000001 /* Sources */ = {
			isa = PBXSourcesBuildPhase;
			buildActionMask = 2147483647;
			files = (
				DD1000000000000000000003 /* SafariWebExtensionHandler.swift in Sources */,
			);
			runOnlyForDeploymentPostprocessing = 0;
		};
/* End PBXSourcesBuildPhase section */

/* Begin PBXTargetDependency section */
		AA7200000000000000000001 /* PBXTargetDependency */ = {
			isa = PBXTargetDependency;
			target = AA5000000000000000000002 /* Anchor iOS Demo */;
			targetProxy = AA3000000000000000000001 /* PBXContainerItemProxy */;
		};
		AA7200000000000000000002 /* PBXTargetDependency */ = {
			isa = PBXTargetDependency;
			target = AA5000000000000000000004 /* Anchor macOS Demo */;
			targetProxy = AA3000000000000000000002 /* PBXContainerItemProxy */;
		};
		BB7200000000000000000001 /* PBXTargetDependency */ = {
			isa = PBXTargetDependency;
			target = BB5000000000000000000001 /* AnchorCommand */;
			targetProxy = BB3000000000000000000001 /* PBXContainerItemProxy */;
		};
		DD7200000000000000000001 /* PBXTargetDependency */ = {
			isa = PBXTargetDependency;
			target = DD5000000000000000000001 /* AnchorSafariExtension */;
			targetProxy = DD3000000000000000000001 /* PBXContainerItemProxy */;
		};
/* End PBXTargetDependency section */

/* Begin XCBuildConfiguration section */
		AA9000000000000000000001 /* Debug */ = {
			isa = XCBuildConfiguration;
			buildSettings = {
				ALWAYS_SEARCH_USER_PATHS = NO;
				CLANG_ENABLE_MODULES = YES;
				CLANG_ENABLE_OBJC_ARC = YES;
				CLANG_WARN_DOCUMENTATION_COMMENTS = YES;
				CLANG_WARN_QUOTED_INCLUDE_IN_FRAMEWORK_HEADER = YES;
				COPY_PHASE_STRIP = NO;
				DEBUG_INFORMATION_FORMAT = dwarf;
				ENABLE_STRICT_OBJC_MSGSEND = YES;
				ENABLE_TESTABILITY = YES;
				ENABLE_USER_SCRIPT_SANDBOXING = YES;
				GCC_C_LANGUAGE_STANDARD = gnu17;
				GCC_NO_COMMON_BLOCKS = YES;
				GCC_OPTIMIZATION_LEVEL = 0;
				GCC_PREPROCESSOR_DEFINITIONS = (
					"DEBUG=1",
					"$(inherited)",
				);
				GCC_WARN_64_TO_32_BIT_CONVERSION = YES;
				GCC_WARN_ABOUT_RETURN_TYPE = YES_ERROR;
				GCC_WARN_UNDECLARED_SELECTOR = YES;
				GCC_WARN_UNINITIALIZED_AUTOS = YES_AGGRESSIVE;
				GCC_WARN_UNUSED_FUNCTION = YES;
				GCC_WARN_UNUSED_VARIABLE = YES;
				LOCALIZATION_PREFERS_STRING_CATALOGS = YES;
				MTL_ENABLE_DEBUG_INFO = INCLUDE_SOURCE;
				ONLY_ACTIVE_ARCH = YES;
				SDKROOT = auto;
				SWIFT_ACTIVE_COMPILATION_CONDITIONS = "DEBUG $(inherited)";
				SWIFT_OPTIMIZATION_LEVEL = "-Onone";
			};
			name = Debug;
		};
		AA9000000000000000000002 /* Release */ = {
			isa = XCBuildConfiguration;
			buildSettings = {
				ALWAYS_SEARCH_USER_PATHS = NO;
				CLANG_ENABLE_MODULES = YES;
				CLANG_ENABLE_OBJC_ARC = YES;
				CLANG_WARN_DOCUMENTATION_COMMENTS = YES;
				CLANG_WARN_QUOTED_INCLUDE_IN_FRAMEWORK_HEADER = YES;
				COPY_PHASE_STRIP = NO;
				DEBUG_INFORMATION_FORMAT = "dwarf-with-dsym";
				ENABLE_NS_ASSERTIONS = NO;
				ENABLE_STRICT_OBJC_MSGSEND = YES;
				ENABLE_USER_SCRIPT_SANDBOXING = YES;
				GCC_C_LANGUAGE_STANDARD = gnu17;
				GCC_NO_COMMON_BLOCKS = YES;
				GCC_WARN_64_TO_32_BIT_CONVERSION = YES;
				GCC_WARN_ABOUT_RETURN_TYPE = YES_ERROR;
				GCC_WARN_UNDECLARED_SELECTOR = YES;
				GCC_WARN_UNINITIALIZED_AUTOS = YES_AGGRESSIVE;
				GCC_WARN_UNUSED_FUNCTION = YES;
				GCC_WARN_UNUSED_VARIABLE = YES;
				LOCALIZATION_PREFERS_STRING_CATALOGS = YES;
				MTL_ENABLE_DEBUG_INFO = NO;
				SDKROOT = auto;
				SWIFT_COMPILATION_MODE = wholemodule;
				VALIDATE_PRODUCT = YES;
			};
			name = Release;
		};
		AA9000000000000000000011 /* Debug */ = {
			isa = XCBuildConfiguration;
			buildSettings = {
				ASSETCATALOG_COMPILER_ACCENT_COLOR_NAME = AccentColor;
				ASSETCATALOG_COMPILER_APPICON_NAME = AppIcon;
				ANCHOR_IOS_DEVELOPMENT_TEAM = DZPUSA6232;
				ANCHOR_IOS_INFOPLIST_FILE = "Configuration/AnchorIOS-Info.plist";
				CODE_SIGN_ENTITLEMENTS = "$(ANCHOR_IOS_CODE_SIGN_ENTITLEMENTS)";
				CODE_SIGN_STYLE = Automatic;
				CURRENT_PROJECT_VERSION = 1;
				DEVELOPMENT_TEAM = "$(ANCHOR_IOS_DEVELOPMENT_TEAM)";
				ENABLE_PREVIEWS = YES;
				GENERATE_INFOPLIST_FILE = NO;
				INFOPLIST_FILE = "$(ANCHOR_IOS_INFOPLIST_FILE)";
				IPHONEOS_DEPLOYMENT_TARGET = 26.0;
				MARKETING_VERSION = 1.0;
				PRODUCT_BUNDLE_IDENTIFIER = com.andywang.anchor;
				PRODUCT_NAME = "$(TARGET_NAME)";
				SDKROOT = iphoneos;
				SUPPORTED_PLATFORMS = "iphoneos iphonesimulator";
				SUPPORTS_MACCATALYST = NO;
				SWIFT_APPROACHABLE_CONCURRENCY = YES;
				SWIFT_DEFAULT_ACTOR_ISOLATION = MainActor;
				SWIFT_EMIT_LOC_STRINGS = YES;
				SWIFT_VERSION = 6.0;
				TARGETED_DEVICE_FAMILY = 1;
			};
			name = Debug;
		};
		AA9000000000000000000012 /* Release */ = {
			isa = XCBuildConfiguration;
			buildSettings = {
				ASSETCATALOG_COMPILER_ACCENT_COLOR_NAME = AccentColor;
				ASSETCATALOG_COMPILER_APPICON_NAME = AppIcon;
				ANCHOR_IOS_DEVELOPMENT_TEAM = DZPUSA6232;
				ANCHOR_IOS_INFOPLIST_FILE = "Configuration/AnchorIOS-Info.plist";
				CODE_SIGN_ENTITLEMENTS = "$(ANCHOR_IOS_CODE_SIGN_ENTITLEMENTS)";
				CODE_SIGN_STYLE = Automatic;
				CURRENT_PROJECT_VERSION = 1;
				DEVELOPMENT_TEAM = "$(ANCHOR_IOS_DEVELOPMENT_TEAM)";
				ENABLE_PREVIEWS = YES;
				GENERATE_INFOPLIST_FILE = NO;
				INFOPLIST_FILE = "$(ANCHOR_IOS_INFOPLIST_FILE)";
				IPHONEOS_DEPLOYMENT_TARGET = 26.0;
				MARKETING_VERSION = 1.0;
				PRODUCT_BUNDLE_IDENTIFIER = com.andywang.anchor;
				PRODUCT_NAME = "$(TARGET_NAME)";
				SDKROOT = iphoneos;
				SUPPORTED_PLATFORMS = "iphoneos iphonesimulator";
				SUPPORTS_MACCATALYST = NO;
				SWIFT_APPROACHABLE_CONCURRENCY = YES;
				SWIFT_DEFAULT_ACTOR_ISOLATION = MainActor;
				SWIFT_EMIT_LOC_STRINGS = YES;
				SWIFT_VERSION = 6.0;
				TARGETED_DEVICE_FAMILY = 1;
				VALIDATE_PRODUCT = YES;
			};
			name = Release;
		};
		AA9000000000000000000021 /* Debug */ = {
			isa = XCBuildConfiguration;
			buildSettings = {
				ASSETCATALOG_COMPILER_ACCENT_COLOR_NAME = AccentColor;
				ASSETCATALOG_COMPILER_APPICON_NAME = AppIcon;
				CODE_SIGN_STYLE = Automatic;
				CURRENT_PROJECT_VERSION = 1;
				DEVELOPMENT_TEAM = DZPUSA6232;
				ENABLE_PREVIEWS = YES;
				GENERATE_INFOPLIST_FILE = NO;
				INFOPLIST_FILE = "Configuration/AnchorIOSDemo-Info.plist";
				IPHONEOS_DEPLOYMENT_TARGET = 26.0;
				MARKETING_VERSION = 1.0;
				PRODUCT_BUNDLE_IDENTIFIER = com.andywang.anchor.demo;
				PRODUCT_NAME = "$(TARGET_NAME)";
				SDKROOT = iphoneos;
				SUPPORTED_PLATFORMS = "iphoneos iphonesimulator";
				SUPPORTS_MACCATALYST = NO;
				SWIFT_APPROACHABLE_CONCURRENCY = YES;
				SWIFT_DEFAULT_ACTOR_ISOLATION = MainActor;
				SWIFT_EMIT_LOC_STRINGS = YES;
				SWIFT_VERSION = 6.0;
				TARGETED_DEVICE_FAMILY = 1;
			};
			name = Debug;
		};
		AA9000000000000000000022 /* Release */ = {
			isa = XCBuildConfiguration;
			buildSettings = {
				ASSETCATALOG_COMPILER_ACCENT_COLOR_NAME = AccentColor;
				ASSETCATALOG_COMPILER_APPICON_NAME = AppIcon;
				CODE_SIGN_STYLE = Automatic;
				CURRENT_PROJECT_VERSION = 1;
				DEVELOPMENT_TEAM = DZPUSA6232;
				ENABLE_PREVIEWS = YES;
				GENERATE_INFOPLIST_FILE = NO;
				INFOPLIST_FILE = "Configuration/AnchorIOSDemo-Info.plist";
				IPHONEOS_DEPLOYMENT_TARGET = 26.0;
				MARKETING_VERSION = 1.0;
				PRODUCT_BUNDLE_IDENTIFIER = com.andywang.anchor.demo;
				PRODUCT_NAME = "$(TARGET_NAME)";
				SDKROOT = iphoneos;
				SUPPORTED_PLATFORMS = "iphoneos iphonesimulator";
				SUPPORTS_MACCATALYST = NO;
				SWIFT_APPROACHABLE_CONCURRENCY = YES;
				SWIFT_DEFAULT_ACTOR_ISOLATION = MainActor;
				SWIFT_EMIT_LOC_STRINGS = YES;
				SWIFT_VERSION = 6.0;
				TARGETED_DEVICE_FAMILY = 1;
				VALIDATE_PRODUCT = YES;
			};
			name = Release;
		};
		AA9000000000000000000031 /* Debug */ = {
			isa = XCBuildConfiguration;
			buildSettings = {
				ASSETCATALOG_COMPILER_ACCENT_COLOR_NAME = AccentColor;
				ASSETCATALOG_COMPILER_APPICON_NAME = AppIcon;
				ANCHOR_MAC_CODE_SIGN_ENTITLEMENTS = Apps/AnchorMac/AnchorMac.entitlements;
				ANCHOR_MAC_DEVELOPMENT_TEAM = DZPUSA6232;
				ANCHOR_MAC_GENERATE_INFOPLIST_FILE = YES;
				CODE_SIGN_ENTITLEMENTS = "$(ANCHOR_MAC_CODE_SIGN_ENTITLEMENTS)";
				CODE_SIGN_STYLE = Automatic;
				CURRENT_PROJECT_VERSION = 1;
				DEVELOPMENT_TEAM = "$(ANCHOR_MAC_DEVELOPMENT_TEAM)";
				ENABLE_APP_SANDBOX = YES;
				ENABLE_HARDENED_RUNTIME = YES;
				ENABLE_PREVIEWS = YES;
				GENERATE_INFOPLIST_FILE = "$(ANCHOR_MAC_GENERATE_INFOPLIST_FILE)";
				INFOPLIST_FILE = "$(ANCHOR_MAC_INFOPLIST_FILE)";
				INFOPLIST_KEY_CFBundleDisplayName = Anchor;
				INFOPLIST_KEY_LSApplicationCategoryType = "public.app-category.productivity";
				INFOPLIST_KEY_LSUIElement = YES;
				INFOPLIST_KEY_NSBluetoothAlwaysUsageDescription = "Anchor advertises a private service identifier so your paired iPhone can estimate proximity.";
				MACOSX_DEPLOYMENT_TARGET = 26.0;
				MARKETING_VERSION = 1.0;
				PRODUCT_BUNDLE_IDENTIFIER = com.andywang.anchor;
				PRODUCT_NAME = "$(TARGET_NAME)";
				SDKROOT = macosx;
				SWIFT_APPROACHABLE_CONCURRENCY = YES;
				SWIFT_DEFAULT_ACTOR_ISOLATION = MainActor;
				SWIFT_EMIT_LOC_STRINGS = YES;
				SWIFT_VERSION = 6.0;
			};
			name = Debug;
		};
		AA9000000000000000000032 /* Release */ = {
			isa = XCBuildConfiguration;
			buildSettings = {
				ASSETCATALOG_COMPILER_ACCENT_COLOR_NAME = AccentColor;
				ASSETCATALOG_COMPILER_APPICON_NAME = AppIcon;
				ANCHOR_MAC_CODE_SIGN_ENTITLEMENTS = Apps/AnchorMac/AnchorMac.entitlements;
				ANCHOR_MAC_DEVELOPMENT_TEAM = DZPUSA6232;
				ANCHOR_MAC_GENERATE_INFOPLIST_FILE = YES;
				CODE_SIGN_ENTITLEMENTS = "$(ANCHOR_MAC_CODE_SIGN_ENTITLEMENTS)";
				CODE_SIGN_STYLE = Automatic;
				CURRENT_PROJECT_VERSION = 1;
				DEVELOPMENT_TEAM = "$(ANCHOR_MAC_DEVELOPMENT_TEAM)";
				ENABLE_APP_SANDBOX = YES;
				ENABLE_HARDENED_RUNTIME = YES;
				ENABLE_PREVIEWS = YES;
				GENERATE_INFOPLIST_FILE = "$(ANCHOR_MAC_GENERATE_INFOPLIST_FILE)";
				INFOPLIST_FILE = "$(ANCHOR_MAC_INFOPLIST_FILE)";
				INFOPLIST_KEY_CFBundleDisplayName = Anchor;
				INFOPLIST_KEY_LSApplicationCategoryType = "public.app-category.productivity";
				INFOPLIST_KEY_LSUIElement = YES;
				INFOPLIST_KEY_NSBluetoothAlwaysUsageDescription = "Anchor advertises a private service identifier so your paired iPhone can estimate proximity.";
				MACOSX_DEPLOYMENT_TARGET = 26.0;
				MARKETING_VERSION = 1.0;
				PRODUCT_BUNDLE_IDENTIFIER = com.andywang.anchor;
				PRODUCT_NAME = "$(TARGET_NAME)";
				SDKROOT = macosx;
				SWIFT_APPROACHABLE_CONCURRENCY = YES;
				SWIFT_DEFAULT_ACTOR_ISOLATION = MainActor;
				SWIFT_EMIT_LOC_STRINGS = YES;
				SWIFT_VERSION = 6.0;
				VALIDATE_PRODUCT = YES;
			};
			name = Release;
		};
		AA9000000000000000000041 /* Debug */ = {
			isa = XCBuildConfiguration;
			buildSettings = {
				ASSETCATALOG_COMPILER_ACCENT_COLOR_NAME = AccentColor;
				ASSETCATALOG_COMPILER_APPICON_NAME = AppIcon;
				CODE_SIGN_STYLE = Automatic;
				CURRENT_PROJECT_VERSION = 1;
				DEVELOPMENT_TEAM = DZPUSA6232;
				ENABLE_HARDENED_RUNTIME = YES;
				ENABLE_PREVIEWS = YES;
				GENERATE_INFOPLIST_FILE = YES;
				INFOPLIST_KEY_CFBundleDisplayName = "Anchor Demo";
				INFOPLIST_KEY_LSApplicationCategoryType = "public.app-category.productivity";
				INFOPLIST_KEY_LSUIElement = YES;
				MACOSX_DEPLOYMENT_TARGET = 26.0;
				MARKETING_VERSION = 1.0;
				PRODUCT_BUNDLE_IDENTIFIER = com.andywang.anchor.demo;
				PRODUCT_NAME = "$(TARGET_NAME)";
				SDKROOT = macosx;
				SWIFT_APPROACHABLE_CONCURRENCY = YES;
				SWIFT_DEFAULT_ACTOR_ISOLATION = MainActor;
				SWIFT_EMIT_LOC_STRINGS = YES;
				SWIFT_VERSION = 6.0;
			};
			name = Debug;
		};
		AA9000000000000000000042 /* Release */ = {
			isa = XCBuildConfiguration;
			buildSettings = {
				ASSETCATALOG_COMPILER_ACCENT_COLOR_NAME = AccentColor;
				ASSETCATALOG_COMPILER_APPICON_NAME = AppIcon;
				CODE_SIGN_STYLE = Automatic;
				CURRENT_PROJECT_VERSION = 1;
				DEVELOPMENT_TEAM = DZPUSA6232;
				ENABLE_HARDENED_RUNTIME = YES;
				ENABLE_PREVIEWS = YES;
				GENERATE_INFOPLIST_FILE = YES;
				INFOPLIST_KEY_CFBundleDisplayName = "Anchor Demo";
				INFOPLIST_KEY_LSApplicationCategoryType = "public.app-category.productivity";
				INFOPLIST_KEY_LSUIElement = YES;
				MACOSX_DEPLOYMENT_TARGET = 26.0;
				MARKETING_VERSION = 1.0;
				PRODUCT_BUNDLE_IDENTIFIER = com.andywang.anchor.demo;
				PRODUCT_NAME = "$(TARGET_NAME)";
				SDKROOT = macosx;
				SWIFT_APPROACHABLE_CONCURRENCY = YES;
				SWIFT_DEFAULT_ACTOR_ISOLATION = MainActor;
				SWIFT_EMIT_LOC_STRINGS = YES;
				SWIFT_VERSION = 6.0;
				VALIDATE_PRODUCT = YES;
			};
			name = Release;
		};
		AA9000000000000000000051 /* Debug */ = {
			isa = XCBuildConfiguration;
			buildSettings = {
				CODE_SIGN_STYLE = Automatic;
				DEVELOPMENT_TEAM = DZPUSA6232;
				GENERATE_INFOPLIST_FILE = YES;
				IPHONEOS_DEPLOYMENT_TARGET = 26.0;
				PRODUCT_BUNDLE_IDENTIFIER = com.andywang.anchor.demo.uitests;
				PRODUCT_NAME = "$(TARGET_NAME)";
				SDKROOT = iphoneos;
				SUPPORTED_PLATFORMS = "iphoneos iphonesimulator";
				SWIFT_VERSION = 6.0;
				TARGETED_DEVICE_FAMILY = 1;
				TEST_TARGET_NAME = "Anchor iOS Demo";
			};
			name = Debug;
		};
		AA9000000000000000000052 /* Release */ = {
			isa = XCBuildConfiguration;
			buildSettings = {
				CODE_SIGN_STYLE = Automatic;
				DEVELOPMENT_TEAM = DZPUSA6232;
				GENERATE_INFOPLIST_FILE = YES;
				IPHONEOS_DEPLOYMENT_TARGET = 26.0;
				PRODUCT_BUNDLE_IDENTIFIER = com.andywang.anchor.demo.uitests;
				PRODUCT_NAME = "$(TARGET_NAME)";
				SDKROOT = iphoneos;
				SUPPORTED_PLATFORMS = "iphoneos iphonesimulator";
				SWIFT_VERSION = 6.0;
				TARGETED_DEVICE_FAMILY = 1;
				TEST_TARGET_NAME = "Anchor iOS Demo";
			};
			name = Release;
		};
		AA9000000000000000000061 /* Debug */ = {
			isa = XCBuildConfiguration;
			buildSettings = {
				CODE_SIGN_STYLE = Automatic;
				DEVELOPMENT_TEAM = DZPUSA6232;
				GENERATE_INFOPLIST_FILE = YES;
				MACOSX_DEPLOYMENT_TARGET = 26.0;
				PRODUCT_BUNDLE_IDENTIFIER = com.andywang.anchor.demo.macuitests;
				PRODUCT_NAME = "$(TARGET_NAME)";
				SDKROOT = macosx;
				SWIFT_VERSION = 6.0;
				TEST_TARGET_NAME = "Anchor macOS Demo";
			};
			name = Debug;
		};
		AA9000000000000000000062 /* Release */ = {
			isa = XCBuildConfiguration;
			buildSettings = {
				CODE_SIGN_STYLE = Automatic;
				DEVELOPMENT_TEAM = DZPUSA6232;
				GENERATE_INFOPLIST_FILE = YES;
				MACOSX_DEPLOYMENT_TARGET = 26.0;
				PRODUCT_BUNDLE_IDENTIFIER = com.andywang.anchor.demo.macuitests;
				PRODUCT_NAME = "$(TARGET_NAME)";
				SDKROOT = macosx;
				SWIFT_VERSION = 6.0;
				TEST_TARGET_NAME = "Anchor macOS Demo";
			};
			name = Release;
		};
		DD9000000000000000000001 /* Debug */ = {
			isa = XCBuildConfiguration;
			buildSettings = {
				CODE_SIGN_ENTITLEMENTS = Apps/AnchorSafariExtension/AnchorSafariExtension.entitlements;
				CODE_SIGN_STYLE = Automatic;
				CURRENT_PROJECT_VERSION = 1;
				DEVELOPMENT_TEAM = DZPUSA6232;
				ENABLE_APP_SANDBOX = YES;
				ENABLE_HARDENED_RUNTIME = YES;
				GENERATE_INFOPLIST_FILE = NO;
				INFOPLIST_FILE = Apps/AnchorSafariExtension/Info.plist;
				MACOSX_DEPLOYMENT_TARGET = 26.0;
				MARKETING_VERSION = 1.0;
				PRODUCT_BUNDLE_IDENTIFIER = com.andywang.anchor.safari-extension;
				PRODUCT_NAME = "$(TARGET_NAME)";
				SDKROOT = macosx;
				SKIP_INSTALL = YES;
				SWIFT_APPROACHABLE_CONCURRENCY = YES;
				SWIFT_VERSION = 6.0;
			};
			name = Debug;
		};
		DD9000000000000000000002 /* Release */ = {
			isa = XCBuildConfiguration;
			buildSettings = {
				CODE_SIGN_ENTITLEMENTS = Apps/AnchorSafariExtension/AnchorSafariExtension.entitlements;
				CODE_SIGN_STYLE = Automatic;
				CURRENT_PROJECT_VERSION = 1;
				DEVELOPMENT_TEAM = DZPUSA6232;
				ENABLE_APP_SANDBOX = YES;
				ENABLE_HARDENED_RUNTIME = YES;
				GENERATE_INFOPLIST_FILE = NO;
				INFOPLIST_FILE = Apps/AnchorSafariExtension/Info.plist;
				MACOSX_DEPLOYMENT_TARGET = 26.0;
				MARKETING_VERSION = 1.0;
				PRODUCT_BUNDLE_IDENTIFIER = com.andywang.anchor.safari-extension;
				PRODUCT_NAME = "$(TARGET_NAME)";
				SDKROOT = macosx;
				SKIP_INSTALL = YES;
				SWIFT_APPROACHABLE_CONCURRENCY = YES;
				SWIFT_VERSION = 6.0;
				VALIDATE_PRODUCT = YES;
			};
			name = Release;
		};
		BB9000000000000000000001 /* Debug */ = {
			isa = XCBuildConfiguration;
			buildSettings = {
				CODE_SIGN_STYLE = Automatic;
				CREATE_INFOPLIST_SECTION_IN_BINARY = YES;
				DEVELOPMENT_TEAM = DZPUSA6232;
				ENABLE_APP_SANDBOX = NO;
				ENABLE_HARDENED_RUNTIME = YES;
				GENERATE_INFOPLIST_FILE = YES;
				MACOSX_DEPLOYMENT_TARGET = 26.0;
				OTHER_SWIFT_FLAGS = "-parse-as-library";
				PRODUCT_BUNDLE_IDENTIFIER = com.andywang.anchor.command;
				PRODUCT_NAME = anchor;
				SDKROOT = macosx;
				SKIP_INSTALL = YES;
				SWIFT_VERSION = 6.0;
			};
			name = Debug;
		};
		BB9000000000000000000002 /* Release */ = {
			isa = XCBuildConfiguration;
			buildSettings = {
				CODE_SIGN_STYLE = Automatic;
				CREATE_INFOPLIST_SECTION_IN_BINARY = YES;
				DEVELOPMENT_TEAM = DZPUSA6232;
				ENABLE_APP_SANDBOX = NO;
				ENABLE_HARDENED_RUNTIME = YES;
				GENERATE_INFOPLIST_FILE = YES;
				MACOSX_DEPLOYMENT_TARGET = 26.0;
				OTHER_SWIFT_FLAGS = "-parse-as-library";
				PRODUCT_BUNDLE_IDENTIFIER = com.andywang.anchor.command;
				PRODUCT_NAME = anchor;
				SDKROOT = macosx;
				SKIP_INSTALL = YES;
				SWIFT_VERSION = 6.0;
				VALIDATE_PRODUCT = YES;
			};
			name = Release;
		};
/* End XCBuildConfiguration section */

/* Begin XCConfigurationList section */
		AA6000000000000000000000 /* Build configuration list for PBXProject "Anchor" */ = {
			isa = XCConfigurationList;
			buildConfigurations = (
				AA9000000000000000000001 /* Debug */,
				AA9000000000000000000002 /* Release */,
			);
			defaultConfigurationIsVisible = 0;
			defaultConfigurationName = Release;
		};
		AA6000000000000000000001 /* Build configuration list for PBXNativeTarget "Anchor iOS" */ = {
			isa = XCConfigurationList;
			buildConfigurations = (
				AA9000000000000000000011 /* Debug */,
				AA9000000000000000000012 /* Release */,
			);
			defaultConfigurationIsVisible = 0;
			defaultConfigurationName = Release;
		};
		AA6000000000000000000002 /* Build configuration list for PBXNativeTarget "Anchor iOS Demo" */ = {
			isa = XCConfigurationList;
			buildConfigurations = (
				AA9000000000000000000021 /* Debug */,
				AA9000000000000000000022 /* Release */,
			);
			defaultConfigurationIsVisible = 0;
			defaultConfigurationName = Release;
		};
		AA6000000000000000000003 /* Build configuration list for PBXNativeTarget "Anchor macOS" */ = {
			isa = XCConfigurationList;
			buildConfigurations = (
				AA9000000000000000000031 /* Debug */,
				AA9000000000000000000032 /* Release */,
			);
			defaultConfigurationIsVisible = 0;
			defaultConfigurationName = Release;
		};
		AA6000000000000000000004 /* Build configuration list for PBXNativeTarget "Anchor macOS Demo" */ = {
			isa = XCConfigurationList;
			buildConfigurations = (
				AA9000000000000000000041 /* Debug */,
				AA9000000000000000000042 /* Release */,
			);
			defaultConfigurationIsVisible = 0;
			defaultConfigurationName = Release;
		};
		AA6000000000000000000005 /* Build configuration list for PBXNativeTarget "AnchorIOSUITests" */ = {
			isa = XCConfigurationList;
			buildConfigurations = (
				AA9000000000000000000051 /* Debug */,
				AA9000000000000000000052 /* Release */,
			);
			defaultConfigurationIsVisible = 0;
			defaultConfigurationName = Release;
		};
		AA6000000000000000000006 /* Build configuration list for PBXNativeTarget "AnchorMacUITests" */ = {
			isa = XCConfigurationList;
			buildConfigurations = (
				AA9000000000000000000061 /* Debug */,
				AA9000000000000000000062 /* Release */,
			);
			defaultConfigurationIsVisible = 0;
			defaultConfigurationName = Release;
		};
		DD6000000000000000000001 /* Build configuration list for PBXNativeTarget "AnchorSafariExtension" */ = {
			isa = XCConfigurationList;
			buildConfigurations = (
				DD9000000000000000000001 /* Debug */,
				DD9000000000000000000002 /* Release */,
			);
			defaultConfigurationIsVisible = 0;
			defaultConfigurationName = Release;
		};
		BB6000000000000000000001 /* Build configuration list for PBXNativeTarget "AnchorCommand" */ = {
			isa = XCConfigurationList;
			buildConfigurations = (
				BB9000000000000000000001 /* Debug */,
				BB9000000000000000000002 /* Release */,
			);
			defaultConfigurationIsVisible = 0;
			defaultConfigurationName = Release;
		};
/* End XCConfigurationList section */

/* Begin XCLocalSwiftPackageReference section */
		AA8000000000000000000001 /* XCLocalSwiftPackageReference "Packages/AnchorKit" */ = {
			isa = XCLocalSwiftPackageReference;
			relativePath = Packages/AnchorKit;
		};
/* End XCLocalSwiftPackageReference section */

/* Begin XCSwiftPackageProductDependency section */
		AA2000000000000000000001 /* AnchorCore */ = {
			isa = XCSwiftPackageProductDependency;
			package = AA8000000000000000000001 /* XCLocalSwiftPackageReference "Packages/AnchorKit" */;
			productName = AnchorCore;
		};
		AA2000000000000000000002 /* AnchorIOSFeatures */ = {
			isa = XCSwiftPackageProductDependency;
			package = AA8000000000000000000001 /* XCLocalSwiftPackageReference "Packages/AnchorKit" */;
			productName = AnchorIOSFeatures;
		};
		AA2000000000000000000003 /* AnchorCore */ = {
			isa = XCSwiftPackageProductDependency;
			package = AA8000000000000000000001 /* XCLocalSwiftPackageReference "Packages/AnchorKit" */;
			productName = AnchorCore;
		};
		AA2000000000000000000004 /* AnchorIOSFeatures */ = {
			isa = XCSwiftPackageProductDependency;
			package = AA8000000000000000000001 /* XCLocalSwiftPackageReference "Packages/AnchorKit" */;
			productName = AnchorIOSFeatures;
		};
		AA2000000000000000000005 /* AnchorDemoSupport */ = {
			isa = XCSwiftPackageProductDependency;
			package = AA8000000000000000000001 /* XCLocalSwiftPackageReference "Packages/AnchorKit" */;
			productName = AnchorDemoSupport;
		};
		AA2000000000000000000006 /* AnchorCore */ = {
			isa = XCSwiftPackageProductDependency;
			package = AA8000000000000000000001 /* XCLocalSwiftPackageReference "Packages/AnchorKit" */;
			productName = AnchorCore;
		};
		AA2000000000000000000007 /* AnchorMacFeatures */ = {
			isa = XCSwiftPackageProductDependency;
			package = AA8000000000000000000001 /* XCLocalSwiftPackageReference "Packages/AnchorKit" */;
			productName = AnchorMacFeatures;
		};
		AA2000000000000000000008 /* AnchorTransport */ = {
			isa = XCSwiftPackageProductDependency;
			package = AA8000000000000000000001 /* XCLocalSwiftPackageReference "Packages/AnchorKit" */;
			productName = AnchorTransport;
		};
		AA2000000000000000000009 /* AnchorCore */ = {
			isa = XCSwiftPackageProductDependency;
			package = AA8000000000000000000001 /* XCLocalSwiftPackageReference "Packages/AnchorKit" */;
			productName = AnchorCore;
		};
		AA200000000000000000000A /* AnchorMacFeatures */ = {
			isa = XCSwiftPackageProductDependency;
			package = AA8000000000000000000001 /* XCLocalSwiftPackageReference "Packages/AnchorKit" */;
			productName = AnchorMacFeatures;
		};
		AA200000000000000000000B /* AnchorDemoSupport */ = {
			isa = XCSwiftPackageProductDependency;
			package = AA8000000000000000000001 /* XCLocalSwiftPackageReference "Packages/AnchorKit" */;
			productName = AnchorDemoSupport;
		};
		AA200000000000000000000C /* AnchorTransport */ = {
			isa = XCSwiftPackageProductDependency;
			package = AA8000000000000000000001 /* XCLocalSwiftPackageReference "Packages/AnchorKit" */;
			productName = AnchorTransport;
		};
		BB2000000000000000000001 /* AnchorCore */ = {
			isa = XCSwiftPackageProductDependency;
			package = AA8000000000000000000001 /* XCLocalSwiftPackageReference "Packages/AnchorKit" */;
			productName = AnchorCore;
		};
		DD2000000000000000000001 /* AnchorCore */ = {
			isa = XCSwiftPackageProductDependency;
			package = AA8000000000000000000001 /* XCLocalSwiftPackageReference "Packages/AnchorKit" */;
			productName = AnchorCore;
		};
/* End XCSwiftPackageProductDependency section */
	};
	rootObject = AA0000000000000000000001 /* Project object */;
}
